// !$*UTF8*$!
{
	archiveVersion = 1;
	classes = {
	};
	objectVersion = 48;
	objects = {

/* Begin PBXBuildFile section */
		26AAC5197337725A1BA65DA1 /* Pods_GoogleMapDemo.framework in Frameworks */ = {isa = PBXBuildFile; fileRef = BDEC24C49F1D3BD710A9FC9C /* Pods_GoogleMapDemo.framework */; };
		A22143A11F7E400100621E00 /* AddPhotoViewController.swift in Sources */ = {isa = PBXBuildFile; fileRef = A22143A01F7E400100621E00 /* AddPhotoViewController.swift */; };
		A22143A31F7E401800621E00 /* PhotosTableViewController.swift in Sources */ = {isa = PBXBuildFile; fileRef = A22143A21F7E401800621E00 /* PhotosTableViewController.swift */; };
		A22143A51F7E402600621E00 /* PhotosTableViewCell.swift in Sources */ = {isa = PBXBuildFile; fileRef = A22143A41F7E402600621E00 /* PhotosTableViewCell.swift */; };
		A27E0A201F7A371D00962656 /* AppDelegate.swift in Sources */ = {isa = PBXBuildFile; fileRef = A27E0A1F1F7A371D00962656 /* AppDelegate.swift */; };
		A27E0A251F7A371D00962656 /* Main.storyboard in Resources */ = {isa = PBXBuildFile; fileRef = A27E0A231F7A371D00962656 /* Main.storyboard */; };
		A27E0A271F7A371D00962656 /* Assets.xcassets in Resources */ = {isa = PBXBuildFile; fileRef = A27E0A261F7A371D00962656 /* Assets.xcassets */; };
		A27E0A2A1F7A371D00962656 /* LaunchScreen.storyboard in Resources */ = {isa = PBXBuildFile; fileRef = A27E0A281F7A371D00962656 /* LaunchScreen.storyboard */; };
		A284C2C11F80E7B20034A3F1 /* GoogleService-Info.plist in Resources */ = {isa = PBXBuildFile; fileRef = A284C2C01F80E6130034A3F1 /* GoogleService-Info.plist */; };
		A284C2C31F810F4A0034A3F1 /* Photo.swift in Sources */ = {isa = PBXBuildFile; fileRef = A284C2C21F810F4A0034A3F1 /* Photo.swift */; };
		A284C2C51F8235090034A3F1 /* PhotoManager.swift in Sources */ = {isa = PBXBuildFile; fileRef = A284C2C41F8235090034A3F1 /* PhotoManager.swift */; };
		A2F304B81F7E52A100613534 /* MapViewController.swift in Sources */ = {isa = PBXBuildFile; fileRef = A2F304B71F7E52A100613534 /* MapViewController.swift */; };
/* End PBXBuildFile section */

/* Begin PBXFileReference section */
		1C46CD1E570009462510C02F /* Pods-GoogleMapDemo.debug.xcconfig */ = {isa = PBXFileReference; includeInIndex = 1; lastKnownFileType = text.xcconfig; name = "Pods-GoogleMapDemo.debug.xcconfig"; path = "Pods/Target Support Files/Pods-GoogleMapDemo/Pods-GoogleMapDemo.debug.xcconfig"; sourceTree = "<group>"; };
		2BFCBF11F3AC5228D5677E42 /* Pods-GoogleMapDemo.release.xcconfig */ = {isa = PBXFileReference; includeInIndex = 1; lastKnownFileType = text.xcconfig; name = "Pods-GoogleMapDemo.release.xcconfig"; path = "Pods/Target Support Files/Pods-GoogleMapDemo/Pods-GoogleMapDemo.release.xcconfig"; sourceTree = "<group>"; };
		A22143A01F7E400100621E00 /* AddPhotoViewController.swift */ = {isa = PBXFileReference; lastKnownFileType = sourcecode.swift; path = AddPhotoViewController.swift; sourceTree = "<group>"; };
		A22143A21F7E401800621E00 /* PhotosTableViewController.swift */ = {isa = PBXFileReference; lastKnownFileType = sourcecode.swift; path = PhotosTableViewController.swift; sourceTree = "<group>"; };
		A22143A41F7E402600621E00 /* PhotosTableViewCell.swift */ = {isa = PBXFileReference; lastKnownFileType = sourcecode.swift; path = PhotosTableViewCell.swift; sourceTree = "<group>"; };
		A27E0A1C1F7A371D00962656 /* GoogleMapDemo.app */ = {isa = PBXFileReference; explicitFileType = wrapper.application; includeInIndex = 0; path = GoogleMapDemo.app; sourceTree = BUILT_PRODUCTS_DIR; };
		A27E0A1F1F7A371D00962656 /* AppDelegate.swift */ = {isa = PBXFileReference; lastKnownFileType = sourcecode.swift; path = AppDelegate.swift; sourceTree = "<group>"; };
		A27E0A241F7A371D00962656 /* Base */ = {isa = PBXFileReference; lastKnownFileType = file.storyboard; name = Base; path = Base.lproj/Main.storyboard; sourceTree = "<group>"; };
		A27E0A261F7A371D00962656 /* Assets.xcassets */ = {isa = PBXFileReference; lastKnownFileType = folder.assetcatalog; path = Assets.xcassets; sourceTree = "<group>"; };
		A27E0A291F7A371D00962656 /* Base */ = {isa = PBXFileReference; lastKnownFileType = file.storyboard; name = Base; path = Base.lproj/LaunchScreen.storyboard; sourceTree = "<group>"; };
		A27E0A2B1F7A371D00962656 /* Info.plist */ = {isa = PBXFileReference; lastKnownFileType = text.plist.xml; path = Info.plist; sourceTree = "<group>"; };
		A284C2C01F80E6130034A3F1 /* GoogleService-Info.plist */ = {isa = PBXFileReference; lastKnownFileType = text.plist.xml; path = "GoogleService-Info.plist"; sourceTree = "<group>"; };
		A284C2C21F810F4A0034A3F1 /* Photo.swift */ = {isa = PBXFileReference; lastKnownFileType = sourcecode.swift; path = Photo.swift; sourceTree = "<group>"; };
		A284C2C41F8235090034A3F1 /* PhotoManager.swift */ = {isa = PBXFileReference; lastKnownFileType = sourcecode.swift; path = PhotoManager.swift; sourceTree = "<group>"; };
		A2F304B71F7E52A100613534 /* MapViewController.swift */ = {isa = PBXFileReference; lastKnownFileType = sourcecode.swift; path = MapViewController.swift; sourceTree = "<group>"; };
		BDEC24C49F1D3BD710A9FC9C /* Pods_GoogleMapDemo.framework */ = {isa = PBXFileReference; explicitFileType = wrapper.framework; includeInIndex = 0; path = Pods_GoogleMapDemo.framework; sourceTree = BUILT_PRODUCTS_DIR; };
/* End PBXFileReference section */

/* Begin PBXFrameworksBuildPhase section */
		A27E0A191F7A371D00962656 /* Frameworks */ = {
			isa = PBXFrameworksBuildPhase;
			buildActionMask = 2147483647;
			files = (
				26AAC5197337725A1BA65DA1 /* Pods_GoogleMapDemo.framework in Frameworks */,
			);
			runOnlyForDeploymentPostprocessing = 0;
		};
/* End PBXFrameworksBuildPhase section */

/* Begin PBXGroup section */
		16195021A1FEB8C6285B2862 /* Pods */ = {
			isa = PBXGroup;
			children = (
				1C46CD1E570009462510C02F /* Pods-GoogleMapDemo.debug.xcconfig */,
				2BFCBF11F3AC5228D5677E42 /* Pods-GoogleMapDemo.release.xcconfig */,
			);
			name = Pods;
			sourceTree = "<group>";
		};
		6EBE2AE323AA58E284D829D6 /* Frameworks */ = {
			isa = PBXGroup;
			children = (
				BDEC24C49F1D3BD710A9FC9C /* Pods_GoogleMapDemo.framework */,
			);
			name = Frameworks;
			sourceTree = "<group>";
		};
		A27E0A131F7A371D00962656 = {
			isa = PBXGroup;
			children = (
				A27E0A1E1F7A371D00962656 /* GoogleMapDemo */,
				A27E0A1D1F7A371D00962656 /* Products */,
				16195021A1FEB8C6285B2862 /* Pods */,
				6EBE2AE323AA58E284D829D6 /* Frameworks */,
			);
			sourceTree = "<group>";
		};
		A27E0A1D1F7A371D00962656 /* Products */ = {
			isa = PBXGroup;
			children = (
				A27E0A1C1F7A371D00962656 /* GoogleMapDemo.app */,
			);
			name = Products;
			sourceTree = "<group>";
		};
		A27E0A1E1F7A371D00962656 /* GoogleMapDemo */ = {
			isa = PBXGroup;
			children = (
				A27E0A1F1F7A371D00962656 /* AppDelegate.swift */,
				A27E0A231F7A371D00962656 /* Main.storyboard */,
				A2F304B71F7E52A100613534 /* MapViewController.swift */,
				A22143A01F7E400100621E00 /* AddPhotoViewController.swift */,
				A22143A21F7E401800621E00 /* PhotosTableViewController.swift */,
				A22143A41F7E402600621E00 /* PhotosTableViewCell.swift */,
				A284C2C41F8235090034A3F1 /* PhotoManager.swift */,
				A284C2C21F810F4A0034A3F1 /* Photo.swift */,
				A27E0A261F7A371D00962656 /* Assets.xcassets */,
				A27E0A281F7A371D00962656 /* LaunchScreen.storyboard */,
				A27E0A2B1F7A371D00962656 /* Info.plist */,
				A284C2C01F80E6130034A3F1 /* GoogleService-Info.plist */,
			);
			path = GoogleMapDemo;
			sourceTree = "<group>";
		};
/* End PBXGroup section */

/* Begin PBXNativeTarget section */
		A27E0A1B1F7A371D00962656 /* GoogleMapDemo */ = {
			isa = PBXNativeTarget;
			buildConfigurationList = A27E0A2E1F7A371D00962656 /* Build configuration list for PBXNativeTarget "GoogleMapDemo" */;
			buildPhases = (
				E416FD3802D24B85F13932B4 /* [CP] Check Pods Manifest.lock */,
				A27E0A181F7A371D00962656 /* Sources */,
				A27E0A191F7A371D00962656 /* Frameworks */,
				A27E0A1A1F7A371D00962656 /* Resources */,
				11CDFBEA3CA4748078D61AE4 /* [CP] Embed Pods Frameworks */,
				723B2B8D5DA5063C2E00D58B /* [CP] Copy Pods Resources */,
			);
			buildRules = (
			);
			dependencies = (
			);
			name = GoogleMapDemo;
			productName = GoogleMapDemo;
			productReference = A27E0A1C1F7A371D00962656 /* GoogleMapDemo.app */;
			productType = "com.apple.product-type.application";
		};
/* End PBXNativeTarget section */

/* Begin PBXProject section */
		A27E0A141F7A371D00962656 /* Project object */ = {
			isa = PBXProject;
			attributes = {
				LastSwiftUpdateCheck = 0900;
				LastUpgradeCheck = 0900;
				ORGANIZATIONNAME = Brad;
				TargetAttributes = {
					A27E0A1B1F7A371D00962656 = {
						CreatedOnToolsVersion = 9.0;
						ProvisioningStyle = Automatic;
					};
				};
			};
			buildConfigurationList = A27E0A171F7A371D00962656 /* Build configuration list for PBXProject "GoogleMapDemo" */;
			compatibilityVersion = "Xcode 8.0";
			developmentRegion = en;
			hasScannedForEncodings = 0;
			knownRegions = (
				en,
				Base,
			);
			mainGroup = A27E0A131F7A371D00962656;
			productRefGroup = A27E0A1D1F7A371D00962656 /* Products */;
			projectDirPath = "";
			projectRoot = "";
			targets = (
				A27E0A1B1F7A371D00962656 /* GoogleMapDemo */,
			);
		};
/* End PBXProject section */

/* Begin PBXResourcesBuildPhase section */
		A27E0A1A1F7A371D00962656 /* Resources */ = {
			isa = PBXResourcesBuildPhase;
			buildActionMask = 2147483647;
			files = (
				A27E0A2A1F7A371D00962656 /* LaunchScreen.storyboard in Resources */,
				A284C2C11F80E7B20034A3F1 /* GoogleService-Info.plist in Resources */,
				A27E0A271F7A371D00962656 /* Assets.xcassets in Resources */,
				A27E0A251F7A371D00962656 /* Main.storyboard in Resources */,
			);
			runOnlyForDeploymentPostprocessing = 0;
		};
/* End PBXResourcesBuildPhase section */

/* Begin PBXShellScriptBuildPhase section */
		11CDFBEA3CA4748078D61AE4 /* [CP] Embed Pods Frameworks */ = {
			isa = PBXShellScriptBuildPhase;
			buildActionMask = 2147483647;
			files = (
			);
			inputPaths = (
				"${SRCROOT}/Pods/Target Support Files/Pods-GoogleMapDemo/Pods-GoogleMapDemo-frameworks.sh",
				"${BUILT_PRODUCTS_DIR}/GTMSessionFetcher/GTMSessionFetcher.framework",
				"${BUILT_PRODUCTS_DIR}/GoogleToolboxForMac/GoogleToolboxForMac.framework",
				"${BUILT_PRODUCTS_DIR}/SDWebImage/SDWebImage.framework",
				"${BUILT_PRODUCTS_DIR}/nanopb/nanopb.framework",
			);
			name = "[CP] Embed Pods Frameworks";
			outputPaths = (
				"${TARGET_BUILD_DIR}/${FRAMEWORKS_FOLDER_PATH}/GTMSessionFetcher.framework",
				"${TARGET_BUILD_DIR}/${FRAMEWORKS_FOLDER_PATH}/GoogleToolboxForMac.framework",
				"${TARGET_BUILD_DIR}/${FRAMEWORKS_FOLDER_PATH}/SDWebImage.framework",
				"${TARGET_BUILD_DIR}/${FRAMEWORKS_FOLDER_PATH}/nanopb.framework",
			);
			runOnlyForDeploymentPostprocessing = 0;
			shellPath = /bin/sh;
			shellScript = "\"${SRCROOT}/Pods/Target Support Files/Pods-GoogleMapDemo/Pods-GoogleMapDemo-frameworks.sh\"\n";
			showEnvVarsInLog = 0;
		};
		723B2B8D5DA5063C2E00D58B /* [CP] Copy Pods Resources */ = {
			isa = PBXShellScriptBuildPhase;
			buildActionMask = 2147483647;
			files = (
			);
			inputPaths = (
				"${SRCROOT}/Pods/Target Support Files/Pods-GoogleMapDemo/Pods-GoogleMapDemo-resources.sh",
				"${PODS_ROOT}/GoogleMaps/Maps/Frameworks/GoogleMaps.framework/Resources/GoogleMaps.bundle",
				"${PODS_ROOT}/GooglePlaces/Frameworks/GooglePlaces.framework/Resources/GooglePlaces.bundle",
			);
			name = "[CP] Copy Pods Resources";
			outputPaths = (
				"${TARGET_BUILD_DIR}/${UNLOCALIZED_RESOURCES_FOLDER_PATH}",
			);
			runOnlyForDeploymentPostprocessing = 0;
			shellPath = /bin/sh;
			shellScript = "\"${SRCROOT}/Pods/Target Support Files/Pods-GoogleMapDemo/Pods-GoogleMapDemo-resources.sh\"\n";
			showEnvVarsInLog = 0;
		};
		E416FD3802D24B85F13932B4 /* [CP] Check Pods Manifest.lock */ = {
			isa = PBXShellScriptBuildPhase;
			buildActionMask = 2147483647;
			files = (
			);
			inputPaths = (
				"${PODS_PODFILE_DIR_PATH}/Podfile.lock",
				"${PODS_ROOT}/Manifest.lock",
			);
			name = "[CP] Check Pods Manifest.lock";
			outputPaths = (
				"$(DERIVED_FILE_DIR)/Pods-GoogleMapDemo-checkManifestLockResult.txt",
			);
			runOnlyForDeploymentPostprocessing = 0;
			shellPath = /bin/sh;
			shellScript = "diff \"${PODS_PODFILE_DIR_PATH}/Podfile.lock\" \"${PODS_ROOT}/Manifest.lock\" > /dev/null\nif [ $? != 0 ] ; then\n    # print error to STDERR\n    echo \"error: The sandbox is not in sync with the Podfile.lock. Run 'pod install' or update your CocoaPods installation.\" >&2\n    exit 1\nfi\n# This output is used by Xcode 'outputs' to avoid re-running this script phase.\necho \"SUCCESS\" > \"${SCRIPT_OUTPUT_FILE_0}\"\n";
			showEnvVarsInLog = 0;
		};
/* End PBXShellScriptBuildPhase section */

/* Begin PBXSourcesBuildPhase section */
		A27E0A181F7A371D00962656 /* Sources */ = {
			isa = PBXSourcesBuildPhase;
			buildActionMask = 2147483647;
			files = (
				A284C2C31F810F4A0034A3F1 /* Photo.swift in Sources */,
				A22143A51F7E402600621E00 /* PhotosTableViewCell.swift in Sources */,
				A284C2C51F8235090034A3F1 /* PhotoManager.swift in Sources */,
				A22143A11F7E400100621E00 /* AddPhotoViewController.swift in Sources */,
				A22143A31F7E401800621E00 /* PhotosTableViewController.swift in Sources */,
				A27E0A201F7A371D00962656 /* AppDelegate.swift in Sources */,
				A2F304B81F7E52A100613534 /* MapViewController.swift in Sources */,
			);
			runOnlyForDeploymentPostprocessing = 0;
		};
/* End PBXSourcesBuildPhase section */

/* Begin PBXVariantGroup section */
		A27E0A231F7A371D00962656 /* Main.storyboard */ = {
			isa = PBXVariantGroup;
			children = (
				A27E0A241F7A371D00962656 /* Base */,
			);
			name = Main.storyboard;
			sourceTree = "<group>";
		};
		A27E0A281F7A371D00962656 /* LaunchScreen.storyboard */ = {
			isa = PBXVariantGroup;
			children = (
				A27E0A291F7A371D00962656 /* Base */,
			);
			name = LaunchScreen.storyboard;
			sourceTree = "<group>";
		};
/* End PBXVariantGroup section */

/* Begin XCBuildConfiguration section */
		A27E0A2C1F7A371D00962656 /* Debug */ = {
			isa = XCBuildConfiguration;
			buildSettings = {
				ALWAYS_SEARCH_USER_PATHS = NO;
				CLANG_ANALYZER_NONNULL = YES;
				CLANG_ANALYZER_NUMBER_OBJECT_CONVERSION = YES_AGGRESSIVE;
				CLANG_CXX_LANGUAGE_STANDARD = "gnu++14";
				CLANG_CXX_LIBRARY = "libc++";
				CLANG_ENABLE_MODULES = YES;
				CLANG_ENABLE_OBJC_ARC = YES;
				CLANG_WARN_BLOCK_CAPTURE_AUTORELEASING = YES;
				CLANG_WARN_BOOL_CONVERSION = YES;
				CLANG_WARN_COMMA = YES;
				CLANG_WARN_CONSTANT_CONVERSION = YES;
				CLANG_WARN_DIRECT_OBJC_ISA_USAGE = YES_ERROR;
				CLANG_WARN_DOCUMENTATION_COMMENTS = YES;
				CLANG_WARN_EMPTY_BODY = YES;
				CLANG_WARN_ENUM_CONVERSION = YES;
				CLANG_WARN_INFINITE_RECURSION = YES;
				CLANG_WARN_INT_CONVERSION = YES;
				CLANG_WARN_NON_LITERAL_NULL_CONVERSION = YES;
				CLANG_WARN_OBJC_LITERAL_CONVERSION = YES;
				CLANG_WARN_OBJC_ROOT_CLASS = YES_ERROR;
				CLANG_WARN_RANGE_LOOP_ANALYSIS = YES;
				CLANG_WARN_STRICT_PROTOTYPES = YES;
				CLANG_WARN_SUSPICIOUS_MOVE = YES;
				CLANG_WARN_UNGUARDED_AVAILABILITY = YES_AGGRESSIVE;
				CLANG_WARN_UNREACHABLE_CODE = YES;
				CLANG_WARN__DUPLICATE_METHOD_MATCH = YES;
				CODE_SIGN_IDENTITY = "iPhone Developer";
				COPY_PHASE_STRIP = NO;
				DEBUG_INFORMATION_FORMAT = dwarf;
				ENABLE_STRICT_OBJC_MSGSEND = YES;
				ENABLE_TESTABILITY = YES;
				GCC_C_LANGUAGE_STANDARD = gnu11;
				GCC_DYNAMIC_NO_PIC = NO;
				GCC_NO_COMMON_BLOCKS = YES;
				GCC_OPTIMIZATION_LEVEL = 0;
				GCC_PREPROCESSOR_DEFINITIONS = (
					"DEBUG=1",
					"$(inherited)",
				);
				GCC_WARN_64_TO_32_BIT_CONVERSION = YES;
				GCC_WARN_ABOUT_RETURN_TYPE = YES_ERROR;
				GCC_WARN_UNDECLARED_SELECTOR = YES;
				GCC_WARN_UNINITIALIZED_AUTOS = YES_AGGRESSIVE;
				GCC_WARN_UNUSED_FUNCTION = YES;
				GCC_WARN_UNUSED_VARIABLE = YES;
				IPHONEOS_DEPLOYMENT_TARGET = 11.0;
				MTL_ENABLE_DEBUG_INFO = YES;
				ONLY_ACTIVE_ARCH = YES;
				SDKROOT = iphoneos;
				SWIFT_ACTIVE_COMPILATION_CONDITIONS = DEBUG;
				SWIFT_OPTIMIZATION_LEVEL = "-Onone";
			};
			name = Debug;
		};
		A27E0A2D1F7A371D00962656 /* Release */ = {
			isa = XCBuildConfiguration;
			buildSettings = {
				ALWAYS_SEARCH_USER_PATHS = NO;
				CLANG_ANALYZER_NONNULL = YES;
				CLANG_ANALYZER_NUMBER_OBJECT_CONVERSION = YES_AGGRESSIVE;
				CLANG_CXX_LANGUAGE_STANDARD = "gnu++14";
				CLANG_CXX_LIBRARY = "libc++";
				CLANG_ENABLE_MODULES = YES;
				CLANG_ENABLE_OBJC_ARC = YES;
				CLANG_WARN_BLOCK_CAPTURE_AUTORELEASING = YES;
				CLANG_WARN_BOOL_CONVERSION = YES;
				CLANG_WARN_COMMA = YES;
				CLANG_WARN_CONSTANT_CONVERSION = YES;
				CLANG_WARN_DIRECT_OBJC_ISA_USAGE = YES_ERROR;
				CLANG_WARN_DOCUMENTATION_COMMENTS = YES;
				CLANG_WARN_EMPTY_BODY = YES;
				CLANG_WARN_ENUM_CONVERSION = YES;
				CLANG_WARN_INFINITE_RECURSION = YES;
				CLANG_WARN_INT_CONVERSION = YES;
				CLANG_WARN_NON_LITERAL_NULL_CONVERSION = YES;
				CLANG_WARN_OBJC_LITERAL_CONVERSION = YES;
				CLANG_WARN_OBJC_ROOT_CLASS = YES_ERROR;
				CLANG_WARN_RANGE_LOOP_ANALYSIS = YES;
				CLANG_WARN_STRICT_PROTOTYPES = YES;
				CLANG_WARN_SUSPICIOUS_MOVE = YES;
				CLANG_WARN_UNGUARDED_AVAILABILITY = YES_AGGRESSIVE;
				CLANG_WARN_UNREACHABLE_CODE = YES;
				CLANG_WARN__DUPLICATE_METHOD_MATCH = YES;
				CODE_SIGN_IDENTITY = "iPhone Developer";
				COPY_PHASE_STRIP = NO;
				DEBUG_INFORMATION_FORMAT = "dwarf-with-dsym";
				ENABLE_NS_ASSERTIONS = NO;
				ENABLE_STRICT_OBJC_MSGSEND = YES;
				GCC_C_LANGUAGE_STANDARD = gnu11;
				GCC_NO_COMMON_BLOCKS = YES;
				GCC_WARN_64_TO_32_BIT_CONVERSION = YES;
				GCC_WARN_ABOUT_RETURN_TYPE = YES_ERROR;
				GCC_WARN_UNDECLARED_SELECTOR = YES;
				GCC_WARN_UNINITIALIZED_AUTOS = YES_AGGRESSIVE;
				GCC_WARN_UNUSED_FUNCTION = YES;
				GCC_WARN_UNUSED_VARIABLE = YES;
				IPHONEOS_DEPLOYMENT_TARGET = 11.0;
				MTL_ENABLE_DEBUG_INFO = NO;
				SDKROOT = iphoneos;
				SWIFT_OPTIMIZATION_LEVEL = "-Owholemodule";
				VALIDATE_PRODUCT = YES;
			};
			name = Release;
		};
		A27E0A2F1F7A371D00962656 /* Debug */ = {
			isa = XCBuildConfiguration;
			baseConfigurationReference = 1C46CD1E570009462510C02F /* Pods-GoogleMapDemo.debug.xcconfig */;
			buildSettings = {
				ASSETCATALOG_COMPILER_APPICON_NAME = AppIcon;
				CODE_SIGN_STYLE = Automatic;
				DEVELOPMENT_TEAM = 8KK974MW9K;
				INFOPLIST_FILE = GoogleMapDemo/Info.plist;
				LD_RUNPATH_SEARCH_PATHS = "$(inherited) @executable_path/Frameworks";
				PRODUCT_BUNDLE_IDENTIFIER = Lee.GoogleMapDemo;
				PRODUCT_NAME = "$(TARGET_NAME)";
				SWIFT_VERSION = 4.0;
				TARGETED_DEVICE_FAMILY = "1,2";
			};
			name = Debug;
		};
		A27E0A301F7A371D00962656 /* Release */ = {
			isa = XCBuildConfiguration;
			baseConfigurationReference = 2BFCBF11F3AC5228D5677E42 /* Pods-GoogleMapDemo.release.xcconfig */;
			buildSettings = {
				ASSETCATALOG_COMPILER_APPICON_NAME = AppIcon;
				CODE_SIGN_STYLE = Automatic;
				DEVELOPMENT_TEAM = 8KK974MW9K;
				INFOPLIST_FILE = GoogleMapDemo/Info.plist;
				LD_RUNPATH_SEARCH_PATHS = "$(inherited) @executable_path/Frameworks";
				PRODUCT_BUNDLE_IDENTIFIER = Lee.GoogleMapDemo;
				PRODUCT_NAME = "$(TARGET_NAME)";
				SWIFT_VERSION = 4.0;
				TARGETED_DEVICE_FAMILY = "1,2";
			};
			name = Release;
		};
/* End XCBuildConfiguration section */

/* Begin XCConfigurationList section */
		A27E0A171F7A371D00962656 /* Build configuration list for PBXProject "GoogleMapDemo" */ = {
			isa = XCConfigurationList;
			buildConfigurations = (
				A27E0A2C1F7A371D00962656 /* Debug */,
				A27E0A2D1F7A371D00962656 /* Release */,
			);
			defaultConfigurationIsVisible = 0;
			defaultConfigurationName = Release;
		};
		A27E0A2E1F7A371D00962656 /* Build configuration list for PBXNativeTarget "GoogleMapDemo" */ = {
			isa = XCConfigurationList;
			buildConfigurations = (
				A27E0A2F1F7A371D00962656 /* Debug */,
				A27E0A301F7A371D00962656 /* Release */,
			);
			defaultConfigurationIsVisible = 0;
			defaultConfigurationName = Release;
		};
/* End XCConfigurationList section */
	};
	rootObject = A27E0A141F7A371D00962656 /* Project object */;
}
